{
  "name": "generativeArtCNC",
  "lockfileVersion": 2,
  "requires": true,
  "packages": {
    "": {
      "dependencies": {
        "dat.gui": "^0.7.7"
      }
    },
    "node_modules/dat.gui": {
      "version": "0.7.7",
      "resolved": "https://registry.npmjs.org/dat.gui/-/dat.gui-0.7.7.tgz",
      "integrity": "sha512-sRl/28gF/XRC5ywC9I4zriATTsQcpSsRG7seXCPnTkK8/EQMIbCu5NPMpICLGxX9ZEUvcXR3ArLYCtgreFoMDw=="
    }
  },
  "dependencies": {
    "dat.gui": {
      "version": "0.7.7",
      "resolved": "https://registry.npmjs.org/dat.gui/-/dat.gui-0.7.7.tgz",
      "integrity": "sha512-sRl/28gF/XRC5ywC9I4zriATTsQcpSsRG7seXCPnTkK8/EQMIbCu5NPMpICLGxX9ZEUvcXR3ArLYCtgreFoMDw=="
    }
  }
}
